// !$*UTF8*$!
{
	archiveVersion = 1;
	classes = {
	};
	objectVersion = 56;
	objects = {

/* Begin PBXBuildFile section */
		04222F272BDCEE56001389E6 /* Widget2024App.swift in Sources */ = {isa = PBXBuildFile; fileRef = 04222F262BDCEE56001389E6 /* Widget2024App.swift */; };
		04222F292BDCEE56001389E6 /* ContentView.swift in Sources */ = {isa = PBXBuildFile; fileRef = 04222F282BDCEE56001389E6 /* ContentView.swift */; };
		04222F2B2BDCEE57001389E6 /* Assets.xcassets in Resources */ = {isa = PBXBuildFile; fileRef = 04222F2A2BDCEE57001389E6 /* Assets.xcassets */; };
		04222F2E2BDCEE57001389E6 /* Preview Assets.xcassets in Resources */ = {isa = PBXBuildFile; fileRef = 04222F2D2BDCEE57001389E6 /* Preview Assets.xcassets */; };
		04222F352BDCEEB3001389E6 /* README.MD in Resources */ = {isa = PBXBuildFile; fileRef = 04222F342BDCEEB3001389E6 /* README.MD */; };
		042488702BDE03B500E738AD /* AnyDestination.swift in Sources */ = {isa = PBXBuildFile; fileRef = 0424886D2BDE03B400E738AD /* AnyDestination.swift */; };
		042488712BDE03B500E738AD /* RouterDestination.swift in Sources */ = {isa = PBXBuildFile; fileRef = 0424886E2BDE03B500E738AD /* RouterDestination.swift */; };
		042488722BDE03B500E738AD /* withAppRouter.swift in Sources */ = {isa = PBXBuildFile; fileRef = 0424886F2BDE03B500E738AD /* withAppRouter.swift */; };
		042488742BDE044200E738AD /* Combine+EXT.swift in Sources */ = {isa = PBXBuildFile; fileRef = 042488732BDE044200E738AD /* Combine+EXT.swift */; };
		042488762BDE11DA00E738AD /* AppDelegate.swift in Sources */ = {isa = PBXBuildFile; fileRef = 042488752BDE11DA00E738AD /* AppDelegate.swift */; };
		0424887D2BDE163A00E738AD /* Color+EXT.swift in Sources */ = {isa = PBXBuildFile; fileRef = 0424887C2BDE163A00E738AD /* Color+EXT.swift */; };
		0424887F2BDE166500E738AD /* Color+Init.swift in Sources */ = {isa = PBXBuildFile; fileRef = 0424887E2BDE166500E738AD /* Color+Init.swift */; };
		042488832BDE239A00E738AD /* Font+EXT.swift in Sources */ = {isa = PBXBuildFile; fileRef = 042488822BDE239A00E738AD /* Font+EXT.swift */; };
		042488862BDE250200E738AD /* Theme.swift in Sources */ = {isa = PBXBuildFile; fileRef = 042488852BDE250200E738AD /* Theme.swift */; };
		0463FA4D2BDCF4DC00B62933 /* HomeView.swift in Sources */ = {isa = PBXBuildFile; fileRef = 0463FA4C2BDCF4DC00B62933 /* HomeView.swift */; };
		04D471FA2BDD15D600203C3C /* 3DPagingView.swift in Sources */ = {isa = PBXBuildFile; fileRef = 04D471F92BDD15D600203C3C /* 3DPagingView.swift */; };
		04D568812BDFA7B0005D75FC /* ColorSet.swift in Sources */ = {isa = PBXBuildFile; fileRef = 04D568802BDFA7B0005D75FC /* ColorSet.swift */; };
		04DD3D952BE7409F00F78190 /* UILaunchScreen.storyboard in Resources */ = {isa = PBXBuildFile; fileRef = 04DD3D942BE7409F00F78190 /* UILaunchScreen.storyboard */; };
		04DD3D972BE7410A00F78190 /* SidebarView.swift in Sources */ = {isa = PBXBuildFile; fileRef = 04DD3D962BE7410A00F78190 /* SidebarView.swift */; };
		04DD3D992BE7414200F78190 /* SidebarManager.swift in Sources */ = {isa = PBXBuildFile; fileRef = 04DD3D982BE7414200F78190 /* SidebarManager.swift */; };
		D9AD9F16B481EB3876278FEE /* Pods_Widget2024.framework in Frameworks */ = {isa = PBXBuildFile; fileRef = C65E2203F974CB76BA4A7CE4 /* Pods_Widget2024.framework */; };
/* End PBXBuildFile section */

/* Begin PBXFileReference section */
		04222F232BDCEE56001389E6 /* Widget2024.app */ = {isa = PBXFileReference; explicitFileType = wrapper.application; includeInIndex = 0; path = Widget2024.app; sourceTree = BUILT_PRODUCTS_DIR; };
		04222F262BDCEE56001389E6 /* Widget2024App.swift */ = {isa = PBXFileReference; lastKnownFileType = sourcecode.swift; path = Widget2024App.swift; sourceTree = "<group>"; };
		04222F282BDCEE56001389E6 /* ContentView.swift */ = {isa = PBXFileReference; lastKnownFileType = sourcecode.swift; path = ContentView.swift; sourceTree = "<group>"; };
		04222F2A2BDCEE57001389E6 /* Assets.xcassets */ = {isa = PBXFileReference; lastKnownFileType = folder.assetcatalog; path = Assets.xcassets; sourceTree = "<group>"; };
		04222F2D2BDCEE57001389E6 /* Preview Assets.xcassets */ = {isa = PBXFileReference; lastKnownFileType = folder.assetcatalog; path = "Preview Assets.xcassets"; sourceTree = "<group>"; };
		04222F342BDCEEB3001389E6 /* README.MD */ = {isa = PBXFileReference; fileEncoding = 4; lastKnownFileType = net.daringfireball.markdown; path = README.MD; sourceTree = "<group>"; };
		0424886D2BDE03B400E738AD /* AnyDestination.swift */ = {isa = PBXFileReference; fileEncoding = 4; lastKnownFileType = sourcecode.swift; name = AnyDestination.swift; path = ../../../../../Widget2024/Widget2024/Router/AnyDestination.swift; sourceTree = "<group>"; };
		0424886E2BDE03B500E738AD /* RouterDestination.swift */ = {isa = PBXFileReference; fileEncoding = 4; lastKnownFileType = sourcecode.swift; name = RouterDestination.swift; path = ../../../../../Widget2024/Widget2024/Router/RouterDestination.swift; sourceTree = "<group>"; };
		0424886F2BDE03B500E738AD /* withAppRouter.swift */ = {isa = PBXFileReference; fileEncoding = 4; lastKnownFileType = sourcecode.swift; name = withAppRouter.swift; path = ../../../../../Widget2024/Widget2024/Router/withAppRouter.swift; sourceTree = "<group>"; };
		042488732BDE044200E738AD /* Combine+EXT.swift */ = {isa = PBXFileReference; lastKnownFileType = sourcecode.swift; path = "Combine+EXT.swift"; sourceTree = "<group>"; };
		042488752BDE11DA00E738AD /* AppDelegate.swift */ = {isa = PBXFileReference; lastKnownFileType = sourcecode.swift; path = AppDelegate.swift; sourceTree = "<group>"; };
		0424887C2BDE163A00E738AD /* Color+EXT.swift */ = {isa = PBXFileReference; lastKnownFileType = sourcecode.swift; path = "Color+EXT.swift"; sourceTree = "<group>"; };
		0424887E2BDE166500E738AD /* Color+Init.swift */ = {isa = PBXFileReference; lastKnownFileType = sourcecode.swift; path = "Color+Init.swift"; sourceTree = "<group>"; };
		042488822BDE239A00E738AD /* Font+EXT.swift */ = {isa = PBXFileReference; lastKnownFileType = sourcecode.swift; path = "Font+EXT.swift"; sourceTree = "<group>"; };
		042488852BDE250200E738AD /* Theme.swift */ = {isa = PBXFileReference; lastKnownFileType = sourcecode.swift; path = Theme.swift; sourceTree = "<group>"; };
		0463FA4C2BDCF4DC00B62933 /* HomeView.swift */ = {isa = PBXFileReference; lastKnownFileType = sourcecode.swift; path = HomeView.swift; sourceTree = "<group>"; };
		04D471F92BDD15D600203C3C /* 3DPagingView.swift */ = {isa = PBXFileReference; lastKnownFileType = sourcecode.swift; path = 3DPagingView.swift; sourceTree = "<group>"; };
		04D5687F2BDF9F59005D75FC /* Info.plist */ = {isa = PBXFileReference; lastKnownFileType = text.plist; path = Info.plist; sourceTree = "<group>"; };
		04D568802BDFA7B0005D75FC /* ColorSet.swift */ = {isa = PBXFileReference; lastKnownFileType = sourcecode.swift; path = ColorSet.swift; sourceTree = "<group>"; };
		04DD3D942BE7409F00F78190 /* UILaunchScreen.storyboard */ = {isa = PBXFileReference; lastKnownFileType = file.storyboard; path = UILaunchScreen.storyboard; sourceTree = "<group>"; };
		04DD3D962BE7410A00F78190 /* SidebarView.swift */ = {isa = PBXFileReference; lastKnownFileType = sourcecode.swift; path = SidebarView.swift; sourceTree = "<group>"; };
		04DD3D982BE7414200F78190 /* SidebarManager.swift */ = {isa = PBXFileReference; lastKnownFileType = sourcecode.swift; path = SidebarManager.swift; sourceTree = "<group>"; };
		C65E2203F974CB76BA4A7CE4 /* Pods_Widget2024.framework */ = {isa = PBXFileReference; explicitFileType = wrapper.framework; includeInIndex = 0; path = Pods_Widget2024.framework; sourceTree = BUILT_PRODUCTS_DIR; };
		D9EA7A4737A44636B5E1C44B /* Pods-Widget2024.debug.xcconfig */ = {isa = PBXFileReference; includeInIndex = 1; lastKnownFileType = text.xcconfig; name = "Pods-Widget2024.debug.xcconfig"; path = "Target Support Files/Pods-Widget2024/Pods-Widget2024.debug.xcconfig"; sourceTree = "<group>"; };
		E1327793488729A03A69C5AA /* Pods-Widget2024.release.xcconfig */ = {isa = PBXFileReference; includeInIndex = 1; lastKnownFileType = text.xcconfig; name = "Pods-Widget2024.release.xcconfig"; path = "Target Support Files/Pods-Widget2024/Pods-Widget2024.release.xcconfig"; sourceTree = "<group>"; };
/* End PBXFileReference section */

/* Begin PBXFrameworksBuildPhase section */
		04222F202BDCEE56001389E6 /* Frameworks */ = {
			isa = PBXFrameworksBuildPhase;
			buildActionMask = 2147483647;
			files = (
				D9AD9F16B481EB3876278FEE /* Pods_Widget2024.framework in Frameworks */,
			);
			runOnlyForDeploymentPostprocessing = 0;
		};
/* End PBXFrameworksBuildPhase section */

/* Begin PBXGroup section */
		04222F1A2BDCEE56001389E6 = {
			isa = PBXGroup;
			children = (
				04222F342BDCEEB3001389E6 /* README.MD */,
				04222F252BDCEE56001389E6 /* Widget2024 */,
				04222F242BDCEE56001389E6 /* Products */,
				B756A108C797D55BC6754DC9 /* Pods */,
				10478CDD12F56B289C425565 /* Frameworks */,
			);
			sourceTree = "<group>";
		};
		04222F242BDCEE56001389E6 /* Products */ = {
			isa = PBXGroup;
			children = (
				04222F232BDCEE56001389E6 /* Widget2024.app */,
			);
			name = Products;
			sourceTree = "<group>";
		};
		04222F252BDCEE56001389E6 /* Widget2024 */ = {
			isa = PBXGroup;
			children = (
				04D5687F2BDF9F59005D75FC /* Info.plist */,
				042488842BDE24AE00E738AD /* Themes */,
				042488802BDE218C00E738AD /* Assets */,
				0424886C2BDE037F00E738AD /* Utils */,
				0424886B2BDE037100E738AD /* Router */,
				04D471F82BDD0CD000203C3C /* VM */,
				04D471F72BDD0CCA00203C3C /* View */,
				04222F262BDCEE56001389E6 /* Widget2024App.swift */,
				04222F282BDCEE56001389E6 /* ContentView.swift */,
				0463FA4C2BDCF4DC00B62933 /* HomeView.swift */,
				042488752BDE11DA00E738AD /* AppDelegate.swift */,
				04222F2C2BDCEE57001389E6 /* Preview Content */,
			);
			path = Widget2024;
			sourceTree = "<group>";
		};
		04222F2C2BDCEE57001389E6 /* Preview Content */ = {
			isa = PBXGroup;
			children = (
				04222F2D2BDCEE57001389E6 /* Preview Assets.xcassets */,
			);
			path = "Preview Content";
			sourceTree = "<group>";
		};
		0424886B2BDE037100E738AD /* Router */ = {
			isa = PBXGroup;
			children = (
				0424886D2BDE03B400E738AD /* AnyDestination.swift */,
				0424886E2BDE03B500E738AD /* RouterDestination.swift */,
				0424886F2BDE03B500E738AD /* withAppRouter.swift */,
			);
			path = Router;
			sourceTree = "<group>";
		};
		0424886C2BDE037F00E738AD /* Utils */ = {
			isa = PBXGroup;
			children = (
				042488732BDE044200E738AD /* Combine+EXT.swift */,
				0424887C2BDE163A00E738AD /* Color+EXT.swift */,
				0424887E2BDE166500E738AD /* Color+Init.swift */,
			);
			path = Utils;
			sourceTree = "<group>";
		};
		042488772BDE15AB00E738AD /* Sidebar */ = {
			isa = PBXGroup;
			children = (
				04DD3D962BE7410A00F78190 /* SidebarView.swift */,
				04DD3D982BE7414200F78190 /* SidebarManager.swift */,
			);
			path = Sidebar;
			sourceTree = "<group>";
		};
		042488802BDE218C00E738AD /* Assets */ = {
			isa = PBXGroup;
			children = (
				042488812BDE21B100E738AD /* Fonts */,
				04222F2A2BDCEE57001389E6 /* Assets.xcassets */,
			);
			path = Assets;
			sourceTree = "<group>";
		};
		042488812BDE21B100E738AD /* Fonts */ = {
			isa = PBXGroup;
			children = (
				042488822BDE239A00E738AD /* Font+EXT.swift */,
			);
			path = Fonts;
			sourceTree = "<group>";
		};
		042488842BDE24AE00E738AD /* Themes */ = {
			isa = PBXGroup;
			children = (
				042488852BDE250200E738AD /* Theme.swift */,
				04D568802BDFA7B0005D75FC /* ColorSet.swift */,
			);
			path = Themes;
			sourceTree = "<group>";
		};
		04D471F72BDD0CCA00203C3C /* View */ = {
			isa = PBXGroup;
			children = (
				04DD3D942BE7409F00F78190 /* UILaunchScreen.storyboard */,
				042488772BDE15AB00E738AD /* Sidebar */,
				04D471F92BDD15D600203C3C /* 3DPagingView.swift */,
			);
			path = View;
			sourceTree = "<group>";
		};
		04D471F82BDD0CD000203C3C /* VM */ = {
			isa = PBXGroup;
			children = (
			);
			path = VM;
			sourceTree = "<group>";
		};
		10478CDD12F56B289C425565 /* Frameworks */ = {
			isa = PBXGroup;
			children = (
				C65E2203F974CB76BA4A7CE4 /* Pods_Widget2024.framework */,
			);
			name = Frameworks;
			sourceTree = "<group>";
		};
		B756A108C797D55BC6754DC9 /* Pods */ = {
			isa = PBXGroup;
			children = (
				D9EA7A4737A44636B5E1C44B /* Pods-Widget2024.debug.xcconfig */,
				E1327793488729A03A69C5AA /* Pods-Widget2024.release.xcconfig */,
			);
			path = Pods;
			sourceTree = "<group>";
		};
/* End PBXGroup section */

/* Begin PBXNativeTarget section */
		04222F222BDCEE56001389E6 /* Widget2024 */ = {
			isa = PBXNativeTarget;
			buildConfigurationList = 04222F312BDCEE57001389E6 /* Build configuration list for PBXNativeTarget "Widget2024" */;
			buildPhases = (
				25482EDF9F479C6FDA22778F /* [CP] Check Pods Manifest.lock */,
				04222F1F2BDCEE56001389E6 /* Sources */,
				04222F202BDCEE56001389E6 /* Frameworks */,
				04222F212BDCEE56001389E6 /* Resources */,
			);
			buildRules = (
			);
			dependencies = (
			);
			name = Widget2024;
			productName = Widget2024;
			productReference = 04222F232BDCEE56001389E6 /* Widget2024.app */;
			productType = "com.apple.product-type.application";
		};
/* End PBXNativeTarget section */

/* Begin PBXProject section */
		04222F1B2BDCEE56001389E6 /* Project object */ = {
			isa = PBXProject;
			attributes = {
				BuildIndependentTargetsInParallel = 1;
				LastSwiftUpdateCheck = 1530;
				LastUpgradeCheck = 1530;
				TargetAttributes = {
					04222F222BDCEE56001389E6 = {
						CreatedOnToolsVersion = 15.3;
					};
				};
			};
			buildConfigurationList = 04222F1E2BDCEE56001389E6 /* Build configuration list for PBXProject "Widget2024" */;
			compatibilityVersion = "Xcode 14.0";
			developmentRegion = en;
			hasScannedForEncodings = 0;
			knownRegions = (
				en,
				Base,
			);
			mainGroup = 04222F1A2BDCEE56001389E6;
			productRefGroup = 04222F242BDCEE56001389E6 /* Products */;
			projectDirPath = "";
			projectRoot = "";
			targets = (
				04222F222BDCEE56001389E6 /* Widget2024 */,
			);
		};
/* End PBXProject section */

/* Begin PBXResourcesBuildPhase section */
		04222F212BDCEE56001389E6 /* Resources */ = {
			isa = PBXResourcesBuildPhase;
			buildActionMask = 2147483647;
			files = (
				04222F352BDCEEB3001389E6 /* README.MD in Resources */,
				04DD3D952BE7409F00F78190 /* UILaunchScreen.storyboard in Resources */,
				04222F2E2BDCEE57001389E6 /* Preview Assets.xcassets in Resources */,
				04222F2B2BDCEE57001389E6 /* Assets.xcassets in Resources */,
			);
			runOnlyForDeploymentPostprocessing = 0;
		};
/* End PBXResourcesBuildPhase section */

/* Begin PBXShellScriptBuildPhase section */
		25482EDF9F479C6FDA22778F /* [CP] Check Pods Manifest.lock */ = {
			isa = PBXShellScriptBuildPhase;
			buildActionMask = 2147483647;
			files = (
			);
			inputFileListPaths = (
			);
			inputPaths = (
				"${PODS_PODFILE_DIR_PATH}/Podfile.lock",
				"${PODS_ROOT}/Manifest.lock",
			);
			name = "[CP] Check Pods Manifest.lock";
			outputFileListPaths = (
			);
			outputPaths = (
				"$(DERIVED_FILE_DIR)/Pods-Widget2024-checkManifestLockResult.txt",
			);
			runOnlyForDeploymentPostprocessing = 0;
			shellPath = /bin/sh;
			shellScript = "diff \"${PODS_PODFILE_DIR_PATH}/Podfile.lock\" \"${PODS_ROOT}/Manifest.lock\" > /dev/null\nif [ $? != 0 ] ; then\n    # print error to STDERR\n    echo \"error: The sandbox is not in sync with the Podfile.lock. Run 'pod install' or update your CocoaPods installation.\" >&2\n    exit 1\nfi\n# This output is used by Xcode 'outputs' to avoid re-running this script phase.\necho \"SUCCESS\" > \"${SCRIPT_OUTPUT_FILE_0}\"\n";
			showEnvVarsInLog = 0;
		};
/* End PBXShellScriptBuildPhase section */

/* Begin PBXSourcesBuildPhase section */
		04222F1F2BDCEE56001389E6 /* Sources */ = {
			isa = PBXSourcesBuildPhase;
			buildActionMask = 2147483647;
			files = (
				0463FA4D2BDCF4DC00B62933 /* HomeView.swift in Sources */,
				04D471FA2BDD15D600203C3C /* 3DPagingView.swift in Sources */,
				04DD3D972BE7410A00F78190 /* SidebarView.swift in Sources */,
				04222F292BDCEE56001389E6 /* ContentView.swift in Sources */,
				04DD3D992BE7414200F78190 /* SidebarManager.swift in Sources */,
				042488762BDE11DA00E738AD /* AppDelegate.swift in Sources */,
				042488862BDE250200E738AD /* Theme.swift in Sources */,
				042488722BDE03B500E738AD /* withAppRouter.swift in Sources */,
				04222F272BDCEE56001389E6 /* Widget2024App.swift in Sources */,
				042488742BDE044200E738AD /* Combine+EXT.swift in Sources */,
				04D568812BDFA7B0005D75FC /* ColorSet.swift in Sources */,
				042488702BDE03B500E738AD /* AnyDestination.swift in Sources */,
				042488832BDE239A00E738AD /* Font+EXT.swift in Sources */,
				0424887D2BDE163A00E738AD /* Color+EXT.swift in Sources */,
				042488712BDE03B500E738AD /* RouterDestination.swift in Sources */,
				0424887F2BDE166500E738AD /* Color+Init.swift in Sources */,
			);
			runOnlyForDeploymentPostprocessing = 0;
		};
/* End PBXSourcesBuildPhase section */

/* Begin XCBuildConfiguration section */
		04222F2F2BDCEE57001389E6 /* Debug */ = {
			isa = XCBuildConfiguration;
			buildSettings = {
				ALWAYS_SEARCH_USER_PATHS = NO;
				ASSETCATALOG_COMPILER_GENERATE_SWIFT_ASSET_SYMBOL_EXTENSIONS = YES;
				CLANG_ANALYZER_NONNULL = YES;
				CLANG_ANALYZER_NUMBER_OBJECT_CONVERSION = YES_AGGRESSIVE;
				CLANG_CXX_LANGUAGE_STANDARD = "gnu++20";
				CLANG_ENABLE_MODULES = YES;
				CLANG_ENABLE_OBJC_ARC = YES;
				CLANG_ENABLE_OBJC_WEAK = YES;
				CLANG_WARN_BLOCK_CAPTURE_AUTORELEASING = YES;
				CLANG_WARN_BOOL_CONVERSION = YES;
				CLANG_WARN_COMMA = YES;
				CLANG_WARN_CONSTANT_CONVERSION = YES;
				CLANG_WARN_DEPRECATED_OBJC_IMPLEMENTATIONS = YES;
				CLANG_WARN_DIRECT_OBJC_ISA_USAGE = YES_ERROR;
				CLANG_WARN_DOCUMENTATION_COMMENTS = YES;
				CLANG_WARN_EMPTY_BODY = YES;
				CLANG_WARN_ENUM_CONVERSION = YES;
				CLANG_WARN_INFINITE_RECURSION = YES;
				CLANG_WARN_INT_CONVERSION = YES;
				CLANG_WARN_NON_LITERAL_NULL_CONVERSION = YES;
				CLANG_WARN_OBJC_IMPLICIT_RETAIN_SELF = YES;
				CLANG_WARN_OBJC_LITERAL_CONVERSION = YES;
				CLANG_WARN_OBJC_ROOT_CLASS = YES_ERROR;
				CLANG_WARN_QUOTED_INCLUDE_IN_FRAMEWORK_HEADER = YES;
				CLANG_WARN_RANGE_LOOP_ANALYSIS = YES;
				CLANG_WARN_STRICT_PROTOTYPES = YES;
				CLANG_WARN_SUSPICIOUS_MOVE = YES;
				CLANG_WARN_UNGUARDED_AVAILABILITY = YES_AGGRESSIVE;
				CLANG_WARN_UNREACHABLE_CODE = YES;
				CLANG_WARN__DUPLICATE_METHOD_MATCH = YES;
				COPY_PHASE_STRIP = NO;
				DEBUG_INFORMATION_FORMAT = dwarf;
				ENABLE_STRICT_OBJC_MSGSEND = YES;
				ENABLE_TESTABILITY = YES;
				ENABLE_USER_SCRIPT_SANDBOXING = YES;
				GCC_C_LANGUAGE_STANDARD = gnu17;
				GCC_DYNAMIC_NO_PIC = NO;
				GCC_NO_COMMON_BLOCKS = YES;
				GCC_OPTIMIZATION_LEVEL = 0;
				GCC_PREPROCESSOR_DEFINITIONS = (
					"DEBUG=1",
					"$(inherited)",
				);
				GCC_WARN_64_TO_32_BIT_CONVERSION = YES;
				GCC_WARN_ABOUT_RETURN_TYPE = YES_ERROR;
				GCC_WARN_UNDECLARED_SELECTOR = YES;
				GCC_WARN_UNINITIALIZED_AUTOS = YES_AGGRESSIVE;
				GCC_WARN_UNUSED_FUNCTION = YES;
				GCC_WARN_UNUSED_VARIABLE = YES;
				IPHONEOS_DEPLOYMENT_TARGET = 17.0;
				LOCALIZATION_PREFERS_STRING_CATALOGS = YES;
				MTL_ENABLE_DEBUG_INFO = INCLUDE_SOURCE;
				MTL_FAST_MATH = YES;
				ONLY_ACTIVE_ARCH = YES;
				SDKROOT = iphoneos;
				SWIFT_ACTIVE_COMPILATION_CONDITIONS = "DEBUG $(inherited)";
				SWIFT_OPTIMIZATION_LEVEL = "-Onone";
			};
			name = Debug;
		};
		04222F302BDCEE57001389E6 /* Release */ = {
			isa = XCBuildConfiguration;
			buildSettings = {
				ALWAYS_SEARCH_USER_PATHS = NO;
				ASSETCATALOG_COMPILER_GENERATE_SWIFT_ASSET_SYMBOL_EXTENSIONS = YES;
				CLANG_ANALYZER_NONNULL = YES;
				CLANG_ANALYZER_NUMBER_OBJECT_CONVERSION = YES_AGGRESSIVE;
				CLANG_CXX_LANGUAGE_STANDARD = "gnu++20";
				CLANG_ENABLE_MODULES = YES;
				CLANG_ENABLE_OBJC_ARC = YES;
				CLANG_ENABLE_OBJC_WEAK = YES;
				CLANG_WARN_BLOCK_CAPTURE_AUTORELEASING = YES;
				CLANG_WARN_BOOL_CONVERSION = YES;
				CLANG_WARN_COMMA = YES;
				CLANG_WARN_CONSTANT_CONVERSION = YES;
				CLANG_WARN_DEPRECATED_OBJC_IMPLEMENTATIONS = YES;
				CLANG_WARN_DIRECT_OBJC_ISA_USAGE = YES_ERROR;
				CLANG_WARN_DOCUMENTATION_COMMENTS = YES;
				CLANG_WARN_EMPTY_BODY = YES;
				CLANG_WARN_ENUM_CONVERSION = YES;
				CLANG_WARN_INFINITE_RECURSION = YES;
				CLANG_WARN_INT_CONVERSION = YES;
				CLANG_WARN_NON_LITERAL_NULL_CONVERSION = YES;
				CLANG_WARN_OBJC_IMPLICIT_RETAIN_SELF = YES;
				CLANG_WARN_OBJC_LITERAL_CONVERSION = YES;
				CLANG_WARN_OBJC_ROOT_CLASS = YES_ERROR;
				CLANG_WARN_QUOTED_INCLUDE_IN_FRAMEWORK_HEADER = YES;
				CLANG_WARN_RANGE_LOOP_ANALYSIS = YES;
				CLANG_WARN_STRICT_PROTOTYPES = YES;
				CLANG_WARN_SUSPICIOUS_MOVE = YES;
				CLANG_WARN_UNGUARDED_AVAILABILITY = YES_AGGRESSIVE;
				CLANG_WARN_UNREACHABLE_CODE = YES;
				CLANG_WARN__DUPLICATE_METHOD_MATCH = YES;
				COPY_PHASE_STRIP = NO;
				DEBUG_INFORMATION_FORMAT = "dwarf-with-dsym";
				ENABLE_NS_ASSERTIONS = NO;
				ENABLE_STRICT_OBJC_MSGSEND = YES;
				ENABLE_USER_SCRIPT_SANDBOXING = YES;
				GCC_C_LANGUAGE_STANDARD = gnu17;
				GCC_NO_COMMON_BLOCKS = YES;
				GCC_WARN_64_TO_32_BIT_CONVERSION = YES;
				GCC_WARN_ABOUT_RETURN_TYPE = YES_ERROR;
				GCC_WARN_UNDECLARED_SELECTOR = YES;
				GCC_WARN_UNINITIALIZED_AUTOS = YES_AGGRESSIVE;
				GCC_WARN_UNUSED_FUNCTION = YES;
				GCC_WARN_UNUSED_VARIABLE = YES;
				IPHONEOS_DEPLOYMENT_TARGET = 17.0;
				LOCALIZATION_PREFERS_STRING_CATALOGS = YES;
				MTL_ENABLE_DEBUG_INFO = NO;
				MTL_FAST_MATH = YES;
				SDKROOT = iphoneos;
				SWIFT_COMPILATION_MODE = wholemodule;
				VALIDATE_PRODUCT = YES;
			};
			name = Release;
		};
		04222F322BDCEE57001389E6 /* Debug */ = {
			isa = XCBuildConfiguration;
			baseConfigurationReference = D9EA7A4737A44636B5E1C44B /* Pods-Widget2024.debug.xcconfig */;
			buildSettings = {
				ASSETCATALOG_COMPILER_APPICON_NAME = AppIcon;
				ASSETCATALOG_COMPILER_GLOBAL_ACCENT_COLOR_NAME = AccentColor;
				CODE_SIGN_STYLE = Automatic;
				CURRENT_PROJECT_VERSION = 1;
				DEVELOPMENT_ASSET_PATHS = "\"Widget2024/Preview Content\"";
				DEVELOPMENT_TEAM = RWX46826M5;
				ENABLE_PREVIEWS = YES;
				GENERATE_INFOPLIST_FILE = YES;
				INFOPLIST_FILE = Widget2024/Info.plist;
				INFOPLIST_KEY_UIApplicationSceneManifest_Generation = YES;
				INFOPLIST_KEY_UIApplicationSupportsIndirectInputEvents = YES;
				INFOPLIST_KEY_UILaunchScreen_Generation = YES;
				INFOPLIST_KEY_UISupportedInterfaceOrientations_iPad = "UIInterfaceOrientationPortrait UIInterfaceOrientationPortraitUpsideDown UIInterfaceOrientationLandscapeLeft UIInterfaceOrientationLandscapeRight";
				INFOPLIST_KEY_UISupportedInterfaceOrientations_iPhone = "UIInterfaceOrientationPortrait UIInterfaceOrientationLandscapeLeft UIInterfaceOrientationLandscapeRight";
				IPHONEOS_DEPLOYMENT_TARGET = 17.0;
				LD_RUNPATH_SEARCH_PATHS = (
					"$(inherited)",
					"@executable_path/Frameworks",
				);
				MARKETING_VERSION = 1.0;
				PRODUCT_BUNDLE_IDENTIFIER = com.PCoder.Widget2024;
				PRODUCT_NAME = "$(TARGET_NAME)";
				SWIFT_EMIT_LOC_STRINGS = YES;
				SWIFT_VERSION = 5.0;
				TARGETED_DEVICE_FAMILY = "1,2";
			};
			name = Debug;
		};
		04222F332BDCEE57001389E6 /* Release */ = {
			isa = XCBuildConfiguration;
			baseConfigurationReference = E1327793488729A03A69C5AA /* Pods-Widget2024.release.xcconfig */;
			buildSettings = {
				ASSETCATALOG_COMPILER_APPICON_NAME = AppIcon;
				ASSETCATALOG_COMPILER_GLOBAL_ACCENT_COLOR_NAME = AccentColor;
				CODE_SIGN_STYLE = Automatic;
				CURRENT_PROJECT_VERSION = 1;
				DEVELOPMENT_ASSET_PATHS = "\"Widget2024/Preview Content\"";
				DEVELOPMENT_TEAM = RWX46826M5;
				ENABLE_PREVIEWS = YES;
				GENERATE_INFOPLIST_FILE = YES;
				INFOPLIST_FILE = Widget2024/Info.plist;
				INFOPLIST_KEY_UIApplicationSceneManifest_Generation = YES;
				INFOPLIST_KEY_UIApplicationSupportsIndirectInputEvents = YES;
				INFOPLIST_KEY_UILaunchScreen_Generation = YES;
				INFOPLIST_KEY_UISupportedInterfaceOrientations_iPad = "UIInterfaceOrientationPortrait UIInterfaceOrientationPortraitUpsideDown UIInterfaceOrientationLandscapeLeft UIInterfaceOrientationLandscapeRight";
				INFOPLIST_KEY_UISupportedInterfaceOrientations_iPhone = "UIInterfaceOrientationPortrait UIInterfaceOrientationLandscapeLeft UIInterfaceOrientationLandscapeRight";
				IPHONEOS_DEPLOYMENT_TARGET = 17.0;
				LD_RUNPATH_SEARCH_PATHS = (
					"$(inherited)",
					"@executable_path/Frameworks",
				);
				MARKETING_VERSION = 1.0;
				PRODUCT_BUNDLE_IDENTIFIER = com.PCoder.Widget2024;
				PRODUCT_NAME = "$(TARGET_NAME)";
				SWIFT_EMIT_LOC_STRINGS = YES;
				SWIFT_VERSION = 5.0;
				TARGETED_DEVICE_FAMILY = "1,2";
			};
			name = Release;
		};
/* End XCBuildConfiguration section */

/* Begin XCConfigurationList section */
		04222F1E2BDCEE56001389E6 /* Build configuration list for PBXProject "Widget2024" */ = {
			isa = XCConfigurationList;
			buildConfigurations = (
				04222F2F2BDCEE57001389E6 /* Debug */,
				04222F302BDCEE57001389E6 /* Release */,
			);
			defaultConfigurationIsVisible = 0;
			defaultConfigurationName = Release;
		};
		04222F312BDCEE57001389E6 /* Build configuration list for PBXNativeTarget "Widget2024" */ = {
			isa = XCConfigurationList;
			buildConfigurations = (
				04222F322BDCEE57001389E6 /* Debug */,
				04222F332BDCEE57001389E6 /* Release */,
			);
			defaultConfigurationIsVisible = 0;
			defaultConfigurationName = Release;
		};
/* End XCConfigurationList section */
	};
	rootObject = 04222F1B2BDCEE56001389E6 /* Project object */;
}
